
Microsoft Visual Studio Solution File, Format Version 12.00
# Visual Studio 15
VisualStudioVersion = 15.0.28307.539
MinimumVisualStudioVersion = 10.0.40219.1
Project("{8BC9CEB8-8B4A-11D0-8D11-00A0C91BC942}") = "Project1", "Project1\Project1.vcxproj", "{77493B1B-1F32-46DF-84C5-EE4C2472A23C}"
EndProject
Global
	GlobalSection(SolutionConfigurationPlatforms) = preSolution
		Debug|x64 = Debug|x64
		Debug|x86 = Debug|x86
		Release|x64 = Release|x64
		Release|x86 = Release|x86
	EndGlobalSection
	GlobalSection(ProjectConfigurationPlatforms) = postSolution
		{77493B1B-1F32-46DF-84C5-EE4C2472A23C}.Debug|x64.ActiveCfg = Debug|x64
		{77493B1B-1F32-46DF-84C5-EE4C2472A23C}.Debug|x64.Build.0 = Debug|x64
		{77493B1B-1F32-46DF-84C5-EE4C2472A23C}.Debug|x86.ActiveCfg = Debug|Win32
		{77493B1B-1F32-46DF-84C5-EE4C2472A23C}.Debug|x86.Build.0 = Debug|Win32
		{77493B1B-1F32-46DF-84C5-EE4C2472A23C}.Release|x64.ActiveCfg = Release|x64
		{77493B1B-1F32-46DF-84C5-EE4C2472A23C}.Release|x64.Build.0 = Release|x64
		{77493B1B-1F32-46DF-84C5-EE4C2472A23C}.Release|x86.ActiveCfg = Release|Win32
		{77493B1B-1F32-46DF-84C5-EE4C2472A23C}.Release|x86.Build.0 = Release|Win32
	EndGlobalSection
	GlobalSection(SolutionProperties) = preSolution
		HideSolutionNode = FALSE
	EndGlobalSection
	GlobalSection(ExtensibilityGlobals) = postSolution
		SolutionGuid = {83660B79-ED05-4464-BD88-7A56C1AE827F}
	EndGlobalSection
EndGlobal
