
Microsoft Visual Studio Solution File, Format Version 12.00
# Visual Studio Version 16
VisualStudioVersion = 16.0.29306.81
MinimumVisualStudioVersion = 10.0.40219.1
Project("{FAE04EC0-301F-11D3-BF4B-00C04F79EFBC}") = "EntityF(CodeFirstfromDB)", "EntityF(CodeFirstfromDB).csproj", "{367622A2-02D9-4161-A0EE-49F09FBF5A3F}"
EndProject
Global
	GlobalSection(SolutionConfigurationPlatforms) = preSolution
		Debug|Any CPU = Debug|Any CPU
		Release|Any CPU = Release|Any CPU
	EndGlobalSection
	GlobalSection(ProjectConfigurationPlatforms) = postSolution
		{367622A2-02D9-4161-A0EE-49F09FBF5A3F}.Debug|Any CPU.ActiveCfg = Debug|Any CPU
		{367622A2-02D9-4161-A0EE-49F09FBF5A3F}.Debug|Any CPU.Build.0 = Debug|Any CPU
		{367622A2-02D9-4161-A0EE-49F09FBF5A3F}.Release|Any CPU.ActiveCfg = Release|Any CPU
		{367622A2-02D9-4161-A0EE-49F09FBF5A3F}.Release|Any CPU.Build.0 = Release|Any CPU
	EndGlobalSection
	GlobalSection(SolutionProperties) = preSolution
		HideSolutionNode = FALSE
	EndGlobalSection
	GlobalSection(ExtensibilityGlobals) = postSolution
		SolutionGuid = {466BE638-85A3-4E68-A5C2-E4D41513EBDC}
	EndGlobalSection
EndGlobal
