
Microsoft Visual Studio Solution File, Format Version 12.00
# Visual Studio Version 16
VisualStudioVersion = 16.0.29503.13
MinimumVisualStudioVersion = 10.0.40219.1
Project("{FAE04EC0-301F-11D3-BF4B-00C04F79EFBC}") = "HttpListener", "HttpListener.csproj", "{32843092-C53B-4551-8C00-CFD28C580BFB}"
EndProject
Global
	GlobalSection(SolutionConfigurationPlatforms) = preSolution
		Debug|Any CPU = Debug|Any CPU
		Release|Any CPU = Release|Any CPU
	EndGlobalSection
	GlobalSection(ProjectConfigurationPlatforms) = postSolution
		{32843092-C53B-4551-8C00-CFD28C580BFB}.Debug|Any CPU.ActiveCfg = Debug|Any CPU
		{32843092-C53B-4551-8C00-CFD28C580BFB}.Debug|Any CPU.Build.0 = Debug|Any CPU
		{32843092-C53B-4551-8C00-CFD28C580BFB}.Release|Any CPU.ActiveCfg = Release|Any CPU
		{32843092-C53B-4551-8C00-CFD28C580BFB}.Release|Any CPU.Build.0 = Release|Any CPU
	EndGlobalSection
	GlobalSection(SolutionProperties) = preSolution
		HideSolutionNode = FALSE
	EndGlobalSection
	GlobalSection(ExtensibilityGlobals) = postSolution
		SolutionGuid = {4731185E-5613-4A97-83FD-8557FD96BC42}
	EndGlobalSection
EndGlobal
