
Microsoft Visual Studio Solution File, Format Version 12.00
# Visual Studio 15
VisualStudioVersion = 15.0.28307.539
MinimumVisualStudioVersion = 10.0.40219.1
Project("{FAE04EC0-301F-11D3-BF4B-00C04F79EFBC}") = "if_for_lesson2", "if_for_lesson2\if_for_lesson2.csproj", "{E0AAF0E8-9A1B-4C37-AD55-A7DAA3E82B24}"
EndProject
Global
	GlobalSection(SolutionConfigurationPlatforms) = preSolution
		Debug|Any CPU = Debug|Any CPU
		Release|Any CPU = Release|Any CPU
	EndGlobalSection
	GlobalSection(ProjectConfigurationPlatforms) = postSolution
		{E0AAF0E8-9A1B-4C37-AD55-A7DAA3E82B24}.Debug|Any CPU.ActiveCfg = Debug|Any CPU
		{E0AAF0E8-9A1B-4C37-AD55-A7DAA3E82B24}.Debug|Any CPU.Build.0 = Debug|Any CPU
		{E0AAF0E8-9A1B-4C37-AD55-A7DAA3E82B24}.Release|Any CPU.ActiveCfg = Release|Any CPU
		{E0AAF0E8-9A1B-4C37-AD55-A7DAA3E82B24}.Release|Any CPU.Build.0 = Release|Any CPU
	EndGlobalSection
	GlobalSection(SolutionProperties) = preSolution
		HideSolutionNode = FALSE
	EndGlobalSection
	GlobalSection(ExtensibilityGlobals) = postSolution
		SolutionGuid = {8B038AC9-3D3A-4822-9BF2-FBC3B1216755}
	EndGlobalSection
EndGlobal
