
Microsoft Visual Studio Solution File, Format Version 12.00
# Visual Studio Version 16
VisualStudioVersion = 16.0.29306.81
MinimumVisualStudioVersion = 10.0.40219.1
Project("{FAE04EC0-301F-11D3-BF4B-00C04F79EFBC}") = "DelegateMetanitFuncPointersLambda", "DelegateMetanitFuncPointersLambda.csproj", "{14585CDC-EC8A-47AE-9B90-8EF8B1060F96}"
EndProject
Global
	GlobalSection(SolutionConfigurationPlatforms) = preSolution
		Debug|Any CPU = Debug|Any CPU
		Release|Any CPU = Release|Any CPU
	EndGlobalSection
	GlobalSection(ProjectConfigurationPlatforms) = postSolution
		{14585CDC-EC8A-47AE-9B90-8EF8B1060F96}.Debug|Any CPU.ActiveCfg = Debug|Any CPU
		{14585CDC-EC8A-47AE-9B90-8EF8B1060F96}.Debug|Any CPU.Build.0 = Debug|Any CPU
		{14585CDC-EC8A-47AE-9B90-8EF8B1060F96}.Release|Any CPU.ActiveCfg = Release|Any CPU
		{14585CDC-EC8A-47AE-9B90-8EF8B1060F96}.Release|Any CPU.Build.0 = Release|Any CPU
	EndGlobalSection
	GlobalSection(SolutionProperties) = preSolution
		HideSolutionNode = FALSE
	EndGlobalSection
	GlobalSection(ExtensibilityGlobals) = postSolution
		SolutionGuid = {C9C1418F-7DE6-4559-A9E9-AF87094D59C8}
	EndGlobalSection
EndGlobal
