
Microsoft Visual Studio Solution File, Format Version 12.00
# Visual Studio Version 16
VisualStudioVersion = 16.0.29306.81
MinimumVisualStudioVersion = 10.0.40219.1
Project("{FAE04EC0-301F-11D3-BF4B-00C04F79EFBC}") = "Delegate", "Delegate.csproj", "{53335CE3-3BE8-4F97-886C-6A5FCD8C3A82}"
EndProject
Global
	GlobalSection(SolutionConfigurationPlatforms) = preSolution
		Debug|Any CPU = Debug|Any CPU
		Release|Any CPU = Release|Any CPU
	EndGlobalSection
	GlobalSection(ProjectConfigurationPlatforms) = postSolution
		{53335CE3-3BE8-4F97-886C-6A5FCD8C3A82}.Debug|Any CPU.ActiveCfg = Debug|Any CPU
		{53335CE3-3BE8-4F97-886C-6A5FCD8C3A82}.Debug|Any CPU.Build.0 = Debug|Any CPU
		{53335CE3-3BE8-4F97-886C-6A5FCD8C3A82}.Release|Any CPU.ActiveCfg = Release|Any CPU
		{53335CE3-3BE8-4F97-886C-6A5FCD8C3A82}.Release|Any CPU.Build.0 = Release|Any CPU
	EndGlobalSection
	GlobalSection(SolutionProperties) = preSolution
		HideSolutionNode = FALSE
	EndGlobalSection
	GlobalSection(ExtensibilityGlobals) = postSolution
		SolutionGuid = {D687329A-183B-462C-B3C6-A01EA1A1573F}
	EndGlobalSection
EndGlobal
