
Microsoft Visual Studio Solution File, Format Version 12.00
# Visual Studio Version 16
VisualStudioVersion = 16.0.29306.81
MinimumVisualStudioVersion = 10.0.40219.1
Project("{FAE04EC0-301F-11D3-BF4B-00C04F79EFBC}") = "FileSteram", "FileSteram.csproj", "{E6A74DF9-F458-4E86-8092-4CA2108A37B6}"
EndProject
Global
	GlobalSection(SolutionConfigurationPlatforms) = preSolution
		Debug|Any CPU = Debug|Any CPU
		Release|Any CPU = Release|Any CPU
	EndGlobalSection
	GlobalSection(ProjectConfigurationPlatforms) = postSolution
		{E6A74DF9-F458-4E86-8092-4CA2108A37B6}.Debug|Any CPU.ActiveCfg = Debug|Any CPU
		{E6A74DF9-F458-4E86-8092-4CA2108A37B6}.Debug|Any CPU.Build.0 = Debug|Any CPU
		{E6A74DF9-F458-4E86-8092-4CA2108A37B6}.Release|Any CPU.ActiveCfg = Release|Any CPU
		{E6A74DF9-F458-4E86-8092-4CA2108A37B6}.Release|Any CPU.Build.0 = Release|Any CPU
	EndGlobalSection
	GlobalSection(SolutionProperties) = preSolution
		HideSolutionNode = FALSE
	EndGlobalSection
	GlobalSection(ExtensibilityGlobals) = postSolution
		SolutionGuid = {CA3227DA-8E7F-4D3C-863C-159ABC6B9137}
	EndGlobalSection
EndGlobal
