
Microsoft Visual Studio Solution File, Format Version 12.00
# Visual Studio Version 16
VisualStudioVersion = 16.0.29306.81
MinimumVisualStudioVersion = 10.0.40219.1
Project("{FAE04EC0-301F-11D3-BF4B-00C04F79EFBC}") = "Server", "Server.csproj", "{CF55569F-F203-485E-A8B9-0A5DD6E3F46D}"
EndProject
Global
	GlobalSection(SolutionConfigurationPlatforms) = preSolution
		Debug|Any CPU = Debug|Any CPU
		Release|Any CPU = Release|Any CPU
	EndGlobalSection
	GlobalSection(ProjectConfigurationPlatforms) = postSolution
		{CF55569F-F203-485E-A8B9-0A5DD6E3F46D}.Debug|Any CPU.ActiveCfg = Debug|Any CPU
		{CF55569F-F203-485E-A8B9-0A5DD6E3F46D}.Debug|Any CPU.Build.0 = Debug|Any CPU
		{CF55569F-F203-485E-A8B9-0A5DD6E3F46D}.Release|Any CPU.ActiveCfg = Release|Any CPU
		{CF55569F-F203-485E-A8B9-0A5DD6E3F46D}.Release|Any CPU.Build.0 = Release|Any CPU
	EndGlobalSection
	GlobalSection(SolutionProperties) = preSolution
		HideSolutionNode = FALSE
	EndGlobalSection
	GlobalSection(ExtensibilityGlobals) = postSolution
		SolutionGuid = {323AB5FF-E7AE-4255-8630-296B2338F4D8}
	EndGlobalSection
EndGlobal
