
Microsoft Visual Studio Solution File, Format Version 12.00
# Visual Studio Version 16
VisualStudioVersion = 16.0.29503.13
MinimumVisualStudioVersion = 10.0.40219.1
Project("{FAE04EC0-301F-11D3-BF4B-00C04F79EFBC}") = "IPgetter", "IPgetter.csproj", "{903A89B6-56CF-41F5-A024-099A4A6094C3}"
EndProject
Global
	GlobalSection(SolutionConfigurationPlatforms) = preSolution
		Debug|Any CPU = Debug|Any CPU
		Release|Any CPU = Release|Any CPU
	EndGlobalSection
	GlobalSection(ProjectConfigurationPlatforms) = postSolution
		{903A89B6-56CF-41F5-A024-099A4A6094C3}.Debug|Any CPU.ActiveCfg = Debug|Any CPU
		{903A89B6-56CF-41F5-A024-099A4A6094C3}.Debug|Any CPU.Build.0 = Debug|Any CPU
		{903A89B6-56CF-41F5-A024-099A4A6094C3}.Release|Any CPU.ActiveCfg = Release|Any CPU
		{903A89B6-56CF-41F5-A024-099A4A6094C3}.Release|Any CPU.Build.0 = Release|Any CPU
	EndGlobalSection
	GlobalSection(SolutionProperties) = preSolution
		HideSolutionNode = FALSE
	EndGlobalSection
	GlobalSection(ExtensibilityGlobals) = postSolution
		SolutionGuid = {99450973-1189-45A4-B497-E9EA4A312B02}
	EndGlobalSection
EndGlobal
