
Microsoft Visual Studio Solution File, Format Version 12.00
# Visual Studio Version 16
VisualStudioVersion = 16.0.29009.5
MinimumVisualStudioVersion = 10.0.40219.1
Project("{FAE04EC0-301F-11D3-BF4B-00C04F79EFBC}") = "Arrays", "Arrays.csproj", "{F5010AA5-4A6E-4262-8FE5-B90EA3438620}"
EndProject
Global
	GlobalSection(SolutionConfigurationPlatforms) = preSolution
		Debug|Any CPU = Debug|Any CPU
		Release|Any CPU = Release|Any CPU
	EndGlobalSection
	GlobalSection(ProjectConfigurationPlatforms) = postSolution
		{F5010AA5-4A6E-4262-8FE5-B90EA3438620}.Debug|Any CPU.ActiveCfg = Debug|Any CPU
		{F5010AA5-4A6E-4262-8FE5-B90EA3438620}.Debug|Any CPU.Build.0 = Debug|Any CPU
		{F5010AA5-4A6E-4262-8FE5-B90EA3438620}.Release|Any CPU.ActiveCfg = Release|Any CPU
		{F5010AA5-4A6E-4262-8FE5-B90EA3438620}.Release|Any CPU.Build.0 = Release|Any CPU
	EndGlobalSection
	GlobalSection(SolutionProperties) = preSolution
		HideSolutionNode = FALSE
	EndGlobalSection
	GlobalSection(ExtensibilityGlobals) = postSolution
		SolutionGuid = {20FCF5A2-EAFB-4D68-A657-90B516EC6EBB}
	EndGlobalSection
EndGlobal
