
Microsoft Visual Studio Solution File, Format Version 12.00
# Visual Studio Version 16
VisualStudioVersion = 16.0.29306.81
MinimumVisualStudioVersion = 10.0.40219.1
Project("{FAE04EC0-301F-11D3-BF4B-00C04F79EFBC}") = "DelegateAndCallBack", "DelegateAndCallBack.csproj", "{283AB00C-ADB2-46FB-A703-A00462441534}"
EndProject
Global
	GlobalSection(SolutionConfigurationPlatforms) = preSolution
		Debug|Any CPU = Debug|Any CPU
		Release|Any CPU = Release|Any CPU
	EndGlobalSection
	GlobalSection(ProjectConfigurationPlatforms) = postSolution
		{283AB00C-ADB2-46FB-A703-A00462441534}.Debug|Any CPU.ActiveCfg = Debug|Any CPU
		{283AB00C-ADB2-46FB-A703-A00462441534}.Debug|Any CPU.Build.0 = Debug|Any CPU
		{283AB00C-ADB2-46FB-A703-A00462441534}.Release|Any CPU.ActiveCfg = Release|Any CPU
		{283AB00C-ADB2-46FB-A703-A00462441534}.Release|Any CPU.Build.0 = Release|Any CPU
	EndGlobalSection
	GlobalSection(SolutionProperties) = preSolution
		HideSolutionNode = FALSE
	EndGlobalSection
	GlobalSection(ExtensibilityGlobals) = postSolution
		SolutionGuid = {8C5BF4C0-ECE8-4B69-97F9-BF8D8746165B}
	EndGlobalSection
EndGlobal
