
Microsoft Visual Studio Solution File, Format Version 12.00
# Visual Studio Version 16
VisualStudioVersion = 16.0.29503.13
MinimumVisualStudioVersion = 10.0.40219.1
Project("{FAE04EC0-301F-11D3-BF4B-00C04F79EFBC}") = "ConsoleRPG", "ConsoleRPG.csproj", "{591DF16D-87DA-43E2-8450-B542D3DC4FAD}"
EndProject
Global
	GlobalSection(SolutionConfigurationPlatforms) = preSolution
		Debug|Any CPU = Debug|Any CPU
		Release|Any CPU = Release|Any CPU
	EndGlobalSection
	GlobalSection(ProjectConfigurationPlatforms) = postSolution
		{591DF16D-87DA-43E2-8450-B542D3DC4FAD}.Debug|Any CPU.ActiveCfg = Debug|Any CPU
		{591DF16D-87DA-43E2-8450-B542D3DC4FAD}.Debug|Any CPU.Build.0 = Debug|Any CPU
		{591DF16D-87DA-43E2-8450-B542D3DC4FAD}.Release|Any CPU.ActiveCfg = Release|Any CPU
		{591DF16D-87DA-43E2-8450-B542D3DC4FAD}.Release|Any CPU.Build.0 = Release|Any CPU
	EndGlobalSection
	GlobalSection(SolutionProperties) = preSolution
		HideSolutionNode = FALSE
	EndGlobalSection
	GlobalSection(ExtensibilityGlobals) = postSolution
		SolutionGuid = {39D6CD10-D7E5-493D-8E93-6E982BD1DD94}
	EndGlobalSection
EndGlobal
