
Microsoft Visual Studio Solution File, Format Version 12.00
# Visual Studio Version 16
VisualStudioVersion = 16.0.29306.81
MinimumVisualStudioVersion = 10.0.40219.1
Project("{FAE04EC0-301F-11D3-BF4B-00C04F79EFBC}") = "ClassDesigner", "ClassDesigner.csproj", "{E294B580-BB5F-42C4-B4EB-0A1C0C53555D}"
EndProject
Global
	GlobalSection(SolutionConfigurationPlatforms) = preSolution
		Debug|Any CPU = Debug|Any CPU
		Release|Any CPU = Release|Any CPU
	EndGlobalSection
	GlobalSection(ProjectConfigurationPlatforms) = postSolution
		{E294B580-BB5F-42C4-B4EB-0A1C0C53555D}.Debug|Any CPU.ActiveCfg = Debug|Any CPU
		{E294B580-BB5F-42C4-B4EB-0A1C0C53555D}.Debug|Any CPU.Build.0 = Debug|Any CPU
		{E294B580-BB5F-42C4-B4EB-0A1C0C53555D}.Release|Any CPU.ActiveCfg = Release|Any CPU
		{E294B580-BB5F-42C4-B4EB-0A1C0C53555D}.Release|Any CPU.Build.0 = Release|Any CPU
	EndGlobalSection
	GlobalSection(SolutionProperties) = preSolution
		HideSolutionNode = FALSE
	EndGlobalSection
	GlobalSection(ExtensibilityGlobals) = postSolution
		SolutionGuid = {F8BDDA5E-35DA-4B51-B625-C659EECEEE4A}
	EndGlobalSection
EndGlobal
