
Microsoft Visual Studio Solution File, Format Version 12.00
# Visual Studio Version 16
VisualStudioVersion = 16.0.29009.5
MinimumVisualStudioVersion = 10.0.40219.1
Project("{FAE04EC0-301F-11D3-BF4B-00C04F79EFBC}") = "codeBlog", "codeBlog.csproj", "{DE679747-1008-486B-A3F7-C5854DA28895}"
EndProject
Global
	GlobalSection(SolutionConfigurationPlatforms) = preSolution
		Debug|Any CPU = Debug|Any CPU
		Release|Any CPU = Release|Any CPU
	EndGlobalSection
	GlobalSection(ProjectConfigurationPlatforms) = postSolution
		{DE679747-1008-486B-A3F7-C5854DA28895}.Debug|Any CPU.ActiveCfg = Debug|Any CPU
		{DE679747-1008-486B-A3F7-C5854DA28895}.Debug|Any CPU.Build.0 = Debug|Any CPU
		{DE679747-1008-486B-A3F7-C5854DA28895}.Release|Any CPU.ActiveCfg = Release|Any CPU
		{DE679747-1008-486B-A3F7-C5854DA28895}.Release|Any CPU.Build.0 = Release|Any CPU
	EndGlobalSection
	GlobalSection(SolutionProperties) = preSolution
		HideSolutionNode = FALSE
	EndGlobalSection
	GlobalSection(ExtensibilityGlobals) = postSolution
		SolutionGuid = {185DAA90-A666-402E-83EA-763F9B7FBD8B}
	EndGlobalSection
EndGlobal
