
Microsoft Visual Studio Solution File, Format Version 12.00
# Visual Studio 15
VisualStudioVersion = 15.0.28307.572
MinimumVisualStudioVersion = 10.0.40219.1
Project("{FAE04EC0-301F-11D3-BF4B-00C04F79EFBC}") = "arrayTest", "arrayTest\arrayTest.csproj", "{FE3FFD06-9156-4114-9207-637CB79CA692}"
EndProject
Global
	GlobalSection(SolutionConfigurationPlatforms) = preSolution
		Debug|Any CPU = Debug|Any CPU
		Release|Any CPU = Release|Any CPU
	EndGlobalSection
	GlobalSection(ProjectConfigurationPlatforms) = postSolution
		{FE3FFD06-9156-4114-9207-637CB79CA692}.Debug|Any CPU.ActiveCfg = Debug|Any CPU
		{FE3FFD06-9156-4114-9207-637CB79CA692}.Debug|Any CPU.Build.0 = Debug|Any CPU
		{FE3FFD06-9156-4114-9207-637CB79CA692}.Release|Any CPU.ActiveCfg = Release|Any CPU
		{FE3FFD06-9156-4114-9207-637CB79CA692}.Release|Any CPU.Build.0 = Release|Any CPU
	EndGlobalSection
	GlobalSection(SolutionProperties) = preSolution
		HideSolutionNode = FALSE
	EndGlobalSection
	GlobalSection(ExtensibilityGlobals) = postSolution
		SolutionGuid = {5F6A6F4A-A87E-47FD-A136-65A3C699C27F}
	EndGlobalSection
EndGlobal
