
Microsoft Visual Studio Solution File, Format Version 12.00
# Visual Studio Version 16
VisualStudioVersion = 16.0.29306.81
MinimumVisualStudioVersion = 10.0.40219.1
Project("{FAE04EC0-301F-11D3-BF4B-00C04F79EFBC}") = "Delegates", "Delegates.csproj", "{5B46B61D-0587-4D35-9052-7DA4CFA6DD78}"
EndProject
Global
	GlobalSection(SolutionConfigurationPlatforms) = preSolution
		Debug|Any CPU = Debug|Any CPU
		Release|Any CPU = Release|Any CPU
	EndGlobalSection
	GlobalSection(ProjectConfigurationPlatforms) = postSolution
		{5B46B61D-0587-4D35-9052-7DA4CFA6DD78}.Debug|Any CPU.ActiveCfg = Debug|Any CPU
		{5B46B61D-0587-4D35-9052-7DA4CFA6DD78}.Debug|Any CPU.Build.0 = Debug|Any CPU
		{5B46B61D-0587-4D35-9052-7DA4CFA6DD78}.Release|Any CPU.ActiveCfg = Release|Any CPU
		{5B46B61D-0587-4D35-9052-7DA4CFA6DD78}.Release|Any CPU.Build.0 = Release|Any CPU
	EndGlobalSection
	GlobalSection(SolutionProperties) = preSolution
		HideSolutionNode = FALSE
	EndGlobalSection
	GlobalSection(ExtensibilityGlobals) = postSolution
		SolutionGuid = {D290DB41-DE03-4777-8145-CAAAC9A1EE71}
	EndGlobalSection
EndGlobal
