
Microsoft Visual Studio Solution File, Format Version 12.00
# Visual Studio Version 16
VisualStudioVersion = 16.0.29306.81
MinimumVisualStudioVersion = 10.0.40219.1
Project("{FAE04EC0-301F-11D3-BF4B-00C04F79EFBC}") = "PersonCollection", "PersonCollection.csproj", "{A571D2AC-C8DF-4202-AB63-91B3138B5814}"
EndProject
Global
	GlobalSection(SolutionConfigurationPlatforms) = preSolution
		Debug|Any CPU = Debug|Any CPU
		Release|Any CPU = Release|Any CPU
	EndGlobalSection
	GlobalSection(ProjectConfigurationPlatforms) = postSolution
		{A571D2AC-C8DF-4202-AB63-91B3138B5814}.Debug|Any CPU.ActiveCfg = Debug|Any CPU
		{A571D2AC-C8DF-4202-AB63-91B3138B5814}.Debug|Any CPU.Build.0 = Debug|Any CPU
		{A571D2AC-C8DF-4202-AB63-91B3138B5814}.Release|Any CPU.ActiveCfg = Release|Any CPU
		{A571D2AC-C8DF-4202-AB63-91B3138B5814}.Release|Any CPU.Build.0 = Release|Any CPU
	EndGlobalSection
	GlobalSection(SolutionProperties) = preSolution
		HideSolutionNode = FALSE
	EndGlobalSection
	GlobalSection(ExtensibilityGlobals) = postSolution
		SolutionGuid = {027F5CA7-047E-48FE-8D14-590187182B44}
	EndGlobalSection
EndGlobal
