
Microsoft Visual Studio Solution File, Format Version 12.00
# Visual Studio Version 16
VisualStudioVersion = 16.0.29306.81
MinimumVisualStudioVersion = 10.0.40219.1
Project("{FAE04EC0-301F-11D3-BF4B-00C04F79EFBC}") = "FilesAndStreams(userSaver)", "FilesAndStreams(userSaver).csproj", "{7F0EA706-F786-4CAA-B9E8-B0D35D7E9E19}"
EndProject
Global
	GlobalSection(SolutionConfigurationPlatforms) = preSolution
		Debug|Any CPU = Debug|Any CPU
		Release|Any CPU = Release|Any CPU
	EndGlobalSection
	GlobalSection(ProjectConfigurationPlatforms) = postSolution
		{7F0EA706-F786-4CAA-B9E8-B0D35D7E9E19}.Debug|Any CPU.ActiveCfg = Debug|Any CPU
		{7F0EA706-F786-4CAA-B9E8-B0D35D7E9E19}.Debug|Any CPU.Build.0 = Debug|Any CPU
		{7F0EA706-F786-4CAA-B9E8-B0D35D7E9E19}.Release|Any CPU.ActiveCfg = Release|Any CPU
		{7F0EA706-F786-4CAA-B9E8-B0D35D7E9E19}.Release|Any CPU.Build.0 = Release|Any CPU
	EndGlobalSection
	GlobalSection(SolutionProperties) = preSolution
		HideSolutionNode = FALSE
	EndGlobalSection
	GlobalSection(ExtensibilityGlobals) = postSolution
		SolutionGuid = {7B6653F3-7561-487A-BEDE-20609922385C}
	EndGlobalSection
EndGlobal
