
Microsoft Visual Studio Solution File, Format Version 12.00
# Visual Studio Version 16
VisualStudioVersion = 16.0.29306.81
MinimumVisualStudioVersion = 10.0.40219.1
Project("{FAE04EC0-301F-11D3-BF4B-00C04F79EFBC}") = "ADOdataFactory", "ADOdataFactory.csproj", "{9458C1D8-1EAC-49BB-8A9A-28586D9C2762}"
EndProject
Global
	GlobalSection(SolutionConfigurationPlatforms) = preSolution
		Debug|Any CPU = Debug|Any CPU
		Release|Any CPU = Release|Any CPU
	EndGlobalSection
	GlobalSection(ProjectConfigurationPlatforms) = postSolution
		{9458C1D8-1EAC-49BB-8A9A-28586D9C2762}.Debug|Any CPU.ActiveCfg = Debug|Any CPU
		{9458C1D8-1EAC-49BB-8A9A-28586D9C2762}.Debug|Any CPU.Build.0 = Debug|Any CPU
		{9458C1D8-1EAC-49BB-8A9A-28586D9C2762}.Release|Any CPU.ActiveCfg = Release|Any CPU
		{9458C1D8-1EAC-49BB-8A9A-28586D9C2762}.Release|Any CPU.Build.0 = Release|Any CPU
	EndGlobalSection
	GlobalSection(SolutionProperties) = preSolution
		HideSolutionNode = FALSE
	EndGlobalSection
	GlobalSection(ExtensibilityGlobals) = postSolution
		SolutionGuid = {1A2EA802-C06F-4406-87D4-733BC0D5CB3E}
	EndGlobalSection
EndGlobal
