
Microsoft Visual Studio Solution File, Format Version 12.00
# Visual Studio Version 16
VisualStudioVersion = 16.0.29306.81
MinimumVisualStudioVersion = 10.0.40219.1
Project("{FAE04EC0-301F-11D3-BF4B-00C04F79EFBC}") = "SkeetSimpleProductType", "SkeetSimpleProductType.csproj", "{A07D8A48-B311-416E-AF90-4C64DE2B39FB}"
EndProject
Global
	GlobalSection(SolutionConfigurationPlatforms) = preSolution
		Debug|Any CPU = Debug|Any CPU
		Release|Any CPU = Release|Any CPU
	EndGlobalSection
	GlobalSection(ProjectConfigurationPlatforms) = postSolution
		{A07D8A48-B311-416E-AF90-4C64DE2B39FB}.Debug|Any CPU.ActiveCfg = Debug|Any CPU
		{A07D8A48-B311-416E-AF90-4C64DE2B39FB}.Debug|Any CPU.Build.0 = Debug|Any CPU
		{A07D8A48-B311-416E-AF90-4C64DE2B39FB}.Release|Any CPU.ActiveCfg = Release|Any CPU
		{A07D8A48-B311-416E-AF90-4C64DE2B39FB}.Release|Any CPU.Build.0 = Release|Any CPU
	EndGlobalSection
	GlobalSection(SolutionProperties) = preSolution
		HideSolutionNode = FALSE
	EndGlobalSection
	GlobalSection(ExtensibilityGlobals) = postSolution
		SolutionGuid = {2B6138C2-8610-4ADF-8BEA-2FACF762B478}
	EndGlobalSection
EndGlobal
