
Microsoft Visual Studio Solution File, Format Version 12.00
# Visual Studio Version 16
VisualStudioVersion = 16.0.29306.81
MinimumVisualStudioVersion = 10.0.40219.1
Project("{FAE04EC0-301F-11D3-BF4B-00C04F79EFBC}") = "FileFileInfoDirectoryDirectoryInfo", "FileFileInfoDirectoryDirectoryInfo.csproj", "{A7A82E62-8FD1-416B-BDB0-E32A9C6A1711}"
EndProject
Global
	GlobalSection(SolutionConfigurationPlatforms) = preSolution
		Debug|Any CPU = Debug|Any CPU
		Release|Any CPU = Release|Any CPU
	EndGlobalSection
	GlobalSection(ProjectConfigurationPlatforms) = postSolution
		{A7A82E62-8FD1-416B-BDB0-E32A9C6A1711}.Debug|Any CPU.ActiveCfg = Debug|Any CPU
		{A7A82E62-8FD1-416B-BDB0-E32A9C6A1711}.Debug|Any CPU.Build.0 = Debug|Any CPU
		{A7A82E62-8FD1-416B-BDB0-E32A9C6A1711}.Release|Any CPU.ActiveCfg = Release|Any CPU
		{A7A82E62-8FD1-416B-BDB0-E32A9C6A1711}.Release|Any CPU.Build.0 = Release|Any CPU
	EndGlobalSection
	GlobalSection(SolutionProperties) = preSolution
		HideSolutionNode = FALSE
	EndGlobalSection
	GlobalSection(ExtensibilityGlobals) = postSolution
		SolutionGuid = {7BF790AF-E9CE-4981-A7DB-A96B726B8649}
	EndGlobalSection
EndGlobal
